{
  "name": "metalog-example",
  "version": "2.0.0",
  "lockfileVersion": 1,
  "requires": true,
  "dependencies": {
    "@metarhia/common": {
      "version": "2.2.0",
      "resolved": "https://registry.npmjs.org/@metarhia/common/-/common-2.2.0.tgz",
      "integrity": "sha512-yAq1FPk2ayLAlj3QGOCSjpN5yWYLD3zLtJWkBRjQUlastAlrLzEMzTmbjLCGzz+lwZSwvSNsGHBsO0C42IO8CQ=="
    },
    "concolor": {
      "version": "1.0.0",
      "resolved": "https://registry.npmjs.org/concolor/-/concolor-1.0.0.tgz",
      "integrity": "sha512-1DfwNXz1173Zalo//LtZoAX/JnVBl/Z4fS3T4sx8qYO1bhPVlaQgFs63xK5DV58n3lFVHzGNT76VqsJ/IYhEAg=="
    },
    "metalog": {
      "version": "3.0.0",
      "resolved": "https://registry.npmjs.org/metalog/-/metalog-3.0.0.tgz",
      "integrity": "sha512-xVbuIMZA5u2g2C7voabj3aMAENVRlNKv0xtEOlbYGIoeJ3buizK7rIMf9pC8LJoqvFoix6U+UbByDdZIpDbA8w==",
      "requires": {
        "@metarhia/common": "^2.1.0",
        "concolor": "^1.0.0",
        "metastreams": "^0.1.2"
      }
    },
    "metastreams": {
      "version": "0.1.2",
      "resolved": "https://registry.npmjs.org/metastreams/-/metastreams-0.1.2.tgz",
      "integrity": "sha512-6wnujNYQyCuAQHimJWBDP59feTwlY2D1P8kf2AONC8k6oQxve3EXCTiL4E87oSWoyoIHMWcPXtOT4BZdVyAbDQ=="
    }
  }
}
